
Microsoft Visual Studio Solution File, Format Version 12.00
# Visual Studio Version 17
VisualStudioVersion = 17.10.35013.160
MinimumVisualStudioVersion = 10.0.40219.1
Project("{FAE04EC0-301F-11D3-BF4B-00C04F79EFBC}") = "Toolbox", "Toolbox\Toolbox.csproj", "{62D360D9-7B26-4F76-86A1-3F1D815DB8FB}"
EndProject
Global
	GlobalSection(SolutionConfigurationPlatforms) = preSolution
		Debug|Any CPU = Debug|Any CPU
		Release|Any CPU = Release|Any CPU
	EndGlobalSection
	GlobalSection(ProjectConfigurationPlatforms) = postSolution
		{62D360D9-7B26-4F76-86A1-3F1D815DB8FB}.Debug|Any CPU.ActiveCfg = Debug|Any CPU
		{62D360D9-7B26-4F76-86A1-3F1D815DB8FB}.Debug|Any CPU.Build.0 = Debug|Any CPU
		{62D360D9-7B26-4F76-86A1-3F1D815DB8FB}.Release|Any CPU.ActiveCfg = Release|Any CPU
		{62D360D9-7B26-4F76-86A1-3F1D815DB8FB}.Release|Any CPU.Build.0 = Release|Any CPU
	EndGlobalSection
	GlobalSection(SolutionProperties) = preSolution
		HideSolutionNode = FALSE
	EndGlobalSection
	GlobalSection(ExtensibilityGlobals) = postSolution
		SolutionGuid = {D58FE887-29C6-456C-A2F9-F86CECF52DE4}
	EndGlobalSection
EndGlobal
